{
  "name": "nodetest",
  "version": "1.0.0",
  "lockfileVersion": 3,
  "requires": true,
  "packages": {
    "":
    "lib/math-utils": {
      "name": "@nodetest/math-utils",
      "version": "1.0.0",
      "license": "ISC"
    },
    "lib/string-utils": {
      "name": "@nodetest/string-utils",
      "version": "1.0.0",
      "license": "ISC"
    },

  }
}
